github.com/google/go-cmp v0.5.5 h1:Khx7svrCpmxxtHBq5j2mp/xVjsi8hQMfNLvJFAlrGgU=
github.com/zdz1715/ghttp v1.0.3 h1:Hu6Jl0g7Fyp8TkDtM4+y6mjhnBMjdgnNkLHMmwwwnM0=
github.com/zdz1715/ghttp v1.0.3/go.mod h1:iEH3dDyTF/FlUNMJUldmDheCFUL8DkbBQRNo9NyXMbI=
github.com/zdz1715/go-utils v0.0.0-20231208070115-ae3f6e322e19 h1:rQO+MWag5/+fC+uFWQk0oMqyTXajH2Hi9PLkzU0Urt4=
github.com/zdz1715/go-utils v0.0.0-20231208070115-ae3f6e322e19/go.mod h1:LHrqjB/WeVPj6ECQoz/Zg0mrmE7if2fsJ3WGmRLMMkw=
golang.org/x/xerrors v0.0.0-20191204190536-9bdfabe68543 h1:E7g+9GITq07hpfrRu66IVDexMakfv52eLZ2CXBWiKr4=
google.golang.org/protobuf v1.34.1 h1:9ddQBjfCyZPOHPUiPxpYESBLc+T8P3E+Vo4IbKZgFWg=
google.golang.org/protobuf v1.34.1/go.mod h1:c6P6GXX6sHbq/GpV6MGZEdwhWPcYBgnhAHhKbcUYpos=
